{
  "name": "@chatpanel/bridge",
  "version": "0.10.2",
  "lockfileVersion": 3,
  "requires": true,
  "packages": {
    "": {
      "name": "@chatpanel/bridge",
      "version": "0.10.2",
      "license": "MIT",
      "bin": {
        "chatpanel-bridge": "src/server.js"
      },
      "engines": {
        "node": ">=18"
      }
    }
  }
}
